{
  "name": "react-assignments",
  "version": "1.0.0",
  "lockfileVersion": 1,
  "requires": true,
  "dependencies": {
    "create-next-app": {
      "version": "14.1.0",
      "resolved": "https://registry.npmjs.org/create-next-app/-/create-next-app-14.1.0.tgz",
      "integrity": "sha512-9gkzJBgT4Koq0OU7pv1rxXgsww9U8OlcKyIE/CP7GObJoHGt3sKuVt50GTpKK8qxPXyZNpLOjB/K+zJix0FJOg=="
    }
  }
}
